
Microsoft Visual Studio Solution File, Format Version 12.00
# Visual Studio Version 16
VisualStudioVersion = 16.0.29926.136
MinimumVisualStudioVersion = 10.0.40219.1
Project("{FAE04EC0-301F-11D3-BF4B-00C04F79EFBC}") = "Ch7Ex3", "Ch7Ex3\Ch7Ex3.csproj", "{F7328EE0-E5AF-43BF-983D-66F7E253FE77}"
EndProject
Global
	GlobalSection(SolutionConfigurationPlatforms) = preSolution
		Debug|Any CPU = Debug|Any CPU
		Release|Any CPU = Release|Any CPU
	EndGlobalSection
	GlobalSection(ProjectConfigurationPlatforms) = postSolution
		{F7328EE0-E5AF-43BF-983D-66F7E253FE77}.Debug|Any CPU.ActiveCfg = Debug|Any CPU
		{F7328EE0-E5AF-43BF-983D-66F7E253FE77}.Debug|Any CPU.Build.0 = Debug|Any CPU
		{F7328EE0-E5AF-43BF-983D-66F7E253FE77}.Release|Any CPU.ActiveCfg = Release|Any CPU
		{F7328EE0-E5AF-43BF-983D-66F7E253FE77}.Release|Any CPU.Build.0 = Release|Any CPU
	EndGlobalSection
	GlobalSection(SolutionProperties) = preSolution
		HideSolutionNode = FALSE
	EndGlobalSection
	GlobalSection(ExtensibilityGlobals) = postSolution
		SolutionGuid = {CD7D4421-8014-4D90-B0AF-5CF4CFAD1768}
	EndGlobalSection
EndGlobal
